
Microsoft Visual Studio Solution File, Format Version 12.00
# Visual Studio Version 17
VisualStudioVersion = 17.8.34601.278
MinimumVisualStudioVersion = 10.0.40219.1
Project("{FAE04EC0-301F-11D3-BF4B-00C04F79EFBC}") = "Wordcalculator", "Wordcalculator.csproj", "{0B91BA91-D6DF-4917-8A6E-904DD9154BDD}"
EndProject
Global
	GlobalSection(SolutionConfigurationPlatforms) = preSolution
		Debug|Any CPU = Debug|Any CPU
		Release|Any CPU = Release|Any CPU
	EndGlobalSection
	GlobalSection(ProjectConfigurationPlatforms) = postSolution
		{0B91BA91-D6DF-4917-8A6E-904DD9154BDD}.Debug|Any CPU.ActiveCfg = Debug|Any CPU
		{0B91BA91-D6DF-4917-8A6E-904DD9154BDD}.Debug|Any CPU.Build.0 = Debug|Any CPU
		{0B91BA91-D6DF-4917-8A6E-904DD9154BDD}.Release|Any CPU.ActiveCfg = Release|Any CPU
		{0B91BA91-D6DF-4917-8A6E-904DD9154BDD}.Release|Any CPU.Build.0 = Release|Any CPU
	EndGlobalSection
	GlobalSection(SolutionProperties) = preSolution
		HideSolutionNode = FALSE
	EndGlobalSection
	GlobalSection(ExtensibilityGlobals) = postSolution
		SolutionGuid = {607F7A40-B9EA-4512-96B6-7793EE385F62}
	EndGlobalSection
EndGlobal
